// !$*UTF8*$!
{
	archiveVersion = 1;
	classes = {
	};
	objectVersion = 46;
	objects = {

/* Begin PBXBuildFile section */
		C78B8A3D1BB56CE900781132 /* AppDelegate.swift in Sources */ = {isa = PBXBuildFile; fileRef = C78B8A3C1BB56CE900781132 /* AppDelegate.swift */; };
		C78B8A401BB56CE900781132 /* HomeworkDiary.xcdatamodeld in Sources */ = {isa = PBXBuildFile; fileRef = C78B8A3E1BB56CE900781132 /* HomeworkDiary.xcdatamodeld */; };
		C78B8A421BB56CE900781132 /* ViewController.swift in Sources */ = {isa = PBXBuildFile; fileRef = C78B8A411BB56CE900781132 /* ViewController.swift */; };
		C78B8A451BB56CE900781132 /* Main.storyboard in Resources */ = {isa = PBXBuildFile; fileRef = C78B8A431BB56CE900781132 /* Main.storyboard */; };
		C78B8A471BB56CE900781132 /* Images.xcassets in Resources */ = {isa = PBXBuildFile; fileRef = C78B8A461BB56CE900781132 /* Images.xcassets */; };
		C78B8A4A1BB56CE900781132 /* LaunchScreen.xib in Resources */ = {isa = PBXBuildFile; fileRef = C78B8A481BB56CE900781132 /* LaunchScreen.xib */; };
		C78B8A561BB56CE900781132 /* HomeworkDiaryTests.swift in Sources */ = {isa = PBXBuildFile; fileRef = C78B8A551BB56CE900781132 /* HomeworkDiaryTests.swift */; };
		C78B8A621BB5ACD100781132 /* MasterTableViewController.swift in Sources */ = {isa = PBXBuildFile; fileRef = C78B8A611BB5ACD100781132 /* MasterTableViewController.swift */; };
		C78B8A641BB5B03000781132 /* AddViewController.swift in Sources */ = {isa = PBXBuildFile; fileRef = C78B8A631BB5B03000781132 /* AddViewController.swift */; };
		C78B8A661BB5B30900781132 /* DetailViewController.swift in Sources */ = {isa = PBXBuildFile; fileRef = C78B8A651BB5B30900781132 /* DetailViewController.swift */; };
/* End PBXBuildFile section */

/* Begin PBXContainerItemProxy section */
		C78B8A501BB56CE900781132 /* PBXContainerItemProxy */ = {
			isa = PBXContainerItemProxy;
			containerPortal = C78B8A2F1BB56CE900781132 /* Project object */;
			proxyType = 1;
			remoteGlobalIDString = C78B8A361BB56CE900781132;
			remoteInfo = HomeworkDiary;
		};
/* End PBXContainerItemProxy section */

/* Begin PBXFileReference section */
		C78B8A371BB56CE900781132 /* HomeworkDiary.app */ = {isa = PBXFileReference; explicitFileType = wrapper.application; includeInIndex = 0; path = HomeworkDiary.app; sourceTree = BUILT_PRODUCTS_DIR; };
		C78B8A3B1BB56CE900781132 /* Info.plist */ = {isa = PBXFileReference; lastKnownFileType = text.plist.xml; path = Info.plist; sourceTree = "<group>"; };
		C78B8A3C1BB56CE900781132 /* AppDelegate.swift */ = {isa = PBXFileReference; lastKnownFileType = sourcecode.swift; path = AppDelegate.swift; sourceTree = "<group>"; };
		C78B8A3F1BB56CE900781132 /* HomeworkDiary.xcdatamodel */ = {isa = PBXFileReference; lastKnownFileType = wrapper.xcdatamodel; path = HomeworkDiary.xcdatamodel; sourceTree = "<group>"; };
		C78B8A411BB56CE900781132 /* ViewController.swift */ = {isa = PBXFileReference; lastKnownFileType = sourcecode.swift; path = ViewController.swift; sourceTree = "<group>"; };
		C78B8A441BB56CE900781132 /* Base */ = {isa = PBXFileReference; lastKnownFileType = file.storyboard; name = Base; path = Base.lproj/Main.storyboard; sourceTree = "<group>"; };
		C78B8A461BB56CE900781132 /* Images.xcassets */ = {isa = PBXFileReference; lastKnownFileType = folder.assetcatalog; path = Images.xcassets; sourceTree = "<group>"; };
		C78B8A491BB56CE900781132 /* Base */ = {isa = PBXFileReference; lastKnownFileType = file.xib; name = Base; path = Base.lproj/LaunchScreen.xib; sourceTree = "<group>"; };
		C78B8A4F1BB56CE900781132 /* HomeworkDiaryTests.xctest */ = {isa = PBXFileReference; explicitFileType = wrapper.cfbundle; includeInIndex = 0; path = HomeworkDiaryTests.xctest; sourceTree = BUILT_PRODUCTS_DIR; };
		C78B8A541BB56CE900781132 /* Info.plist */ = {isa = PBXFileReference; lastKnownFileType = text.plist.xml; path = Info.plist; sourceTree = "<group>"; };
		C78B8A551BB56CE900781132 /* HomeworkDiaryTests.swift */ = {isa = PBXFileReference; lastKnownFileType = sourcecode.swift; path = HomeworkDiaryTests.swift; sourceTree = "<group>"; };
		C78B8A611BB5ACD100781132 /* MasterTableViewController.swift */ = {isa = PBXFileReference; fileEncoding = 4; lastKnownFileType = sourcecode.swift; path = MasterTableViewController.swift; sourceTree = "<group>"; };
		C78B8A631BB5B03000781132 /* AddViewController.swift */ = {isa = PBXFileReference; fileEncoding = 4; lastKnownFileType = sourcecode.swift; path = AddViewController.swift; sourceTree = "<group>"; };
		C78B8A651BB5B30900781132 /* DetailViewController.swift */ = {isa = PBXFileReference; fileEncoding = 4; lastKnownFileType = sourcecode.swift; path = DetailViewController.swift; sourceTree = "<group>"; };
/* End PBXFileReference section */

/* Begin PBXFrameworksBuildPhase section */
		C78B8A341BB56CE900781132 /* Frameworks */ = {
			isa = PBXFrameworksBuildPhase;
			buildActionMask = 2147483647;
			files = (
			);
			runOnlyForDeploymentPostprocessing = 0;
		};
		C78B8A4C1BB56CE900781132 /* Frameworks */ = {
			isa = PBXFrameworksBuildPhase;
			buildActionMask = 2147483647;
			files = (
			);
			runOnlyForDeploymentPostprocessing = 0;
		};
/* End PBXFrameworksBuildPhase section */

/* Begin PBXGroup section */
		C78B8A2E1BB56CE900781132 = {
			isa = PBXGroup;
			children = (
				C78B8A391BB56CE900781132 /* HomeworkDiary */,
				C78B8A521BB56CE900781132 /* HomeworkDiaryTests */,
				C78B8A381BB56CE900781132 /* Products */,
			);
			sourceTree = "<group>";
		};
		C78B8A381BB56CE900781132 /* Products */ = {
			isa = PBXGroup;
			children = (
				C78B8A371BB56CE900781132 /* HomeworkDiary.app */,
				C78B8A4F1BB56CE900781132 /* HomeworkDiaryTests.xctest */,
			);
			name = Products;
			sourceTree = "<group>";
		};
		C78B8A391BB56CE900781132 /* HomeworkDiary */ = {
			isa = PBXGroup;
			children = (
				C78B8A3C1BB56CE900781132 /* AppDelegate.swift */,
				C78B8A411BB56CE900781132 /* ViewController.swift */,
				C78B8A611BB5ACD100781132 /* MasterTableViewController.swift */,
				C78B8A631BB5B03000781132 /* AddViewController.swift */,
				C78B8A651BB5B30900781132 /* DetailViewController.swift */,
				C78B8A431BB56CE900781132 /* Main.storyboard */,
				C78B8A461BB56CE900781132 /* Images.xcassets */,
				C78B8A481BB56CE900781132 /* LaunchScreen.xib */,
				C78B8A3E1BB56CE900781132 /* HomeworkDiary.xcdatamodeld */,
				C78B8A3A1BB56CE900781132 /* Supporting Files */,
			);
			path = HomeworkDiary;
			sourceTree = "<group>";
		};
		C78B8A3A1BB56CE900781132 /* Supporting Files */ = {
			isa = PBXGroup;
			children = (
				C78B8A3B1BB56CE900781132 /* Info.plist */,
			);
			name = "Supporting Files";
			sourceTree = "<group>";
		};
		C78B8A521BB56CE900781132 /* HomeworkDiaryTests */ = {
			isa = PBXGroup;
			children = (
				C78B8A551BB56CE900781132 /* HomeworkDiaryTests.swift */,
				C78B8A531BB56CE900781132 /* Supporting Files */,
			);
			path = HomeworkDiaryTests;
			sourceTree = "<group>";
		};
		C78B8A531BB56CE900781132 /* Supporting Files */ = {
			isa = PBXGroup;
			children = (
				C78B8A541BB56CE900781132 /* Info.plist */,
			);
			name = "Supporting Files";
			sourceTree = "<group>";
		};
/* End PBXGroup section */

/* Begin PBXNativeTarget section */
		C78B8A361BB56CE900781132 /* HomeworkDiary */ = {
			isa = PBXNativeTarget;
			buildConfigurationList = C78B8A591BB56CE900781132 /* Build configuration list for PBXNativeTarget "HomeworkDiary" */;
			buildPhases = (
				C78B8A331BB56CE900781132 /* Sources */,
				C78B8A341BB56CE900781132 /* Frameworks */,
				C78B8A351BB56CE900781132 /* Resources */,
			);
			buildRules = (
			);
			dependencies = (
			);
			name = HomeworkDiary;
			productName = HomeworkDiary;
			productReference = C78B8A371BB56CE900781132 /* HomeworkDiary.app */;
			productType = "com.apple.product-type.application";
		};
		C78B8A4E1BB56CE900781132 /* HomeworkDiaryTests */ = {
			isa = PBXNativeTarget;
			buildConfigurationList = C78B8A5C1BB56CE900781132 /* Build configuration list for PBXNativeTarget "HomeworkDiaryTests" */;
			buildPhases = (
				C78B8A4B1BB56CE900781132 /* Sources */,
				C78B8A4C1BB56CE900781132 /* Frameworks */,
				C78B8A4D1BB56CE900781132 /* Resources */,
			);
			buildRules = (
			);
			dependencies = (
				C78B8A511BB56CE900781132 /* PBXTargetDependency */,
			);
			name = HomeworkDiaryTests;
			productName = HomeworkDiaryTests;
			productReference = C78B8A4F1BB56CE900781132 /* HomeworkDiaryTests.xctest */;
			productType = "com.apple.product-type.bundle.unit-test";
		};
/* End PBXNativeTarget section */

/* Begin PBXProject section */
		C78B8A2F1BB56CE900781132 /* Project object */ = {
			isa = PBXProject;
			attributes = {
				LastUpgradeCheck = 0640;
				ORGANIZATIONNAME = "Tola Babasola";
				TargetAttributes = {
					C78B8A361BB56CE900781132 = {
						CreatedOnToolsVersion = 6.4;
					};
					C78B8A4E1BB56CE900781132 = {
						CreatedOnToolsVersion = 6.4;
						TestTargetID = C78B8A361BB56CE900781132;
					};
				};
			};
			buildConfigurationList = C78B8A321BB56CE900781132 /* Build configuration list for PBXProject "HomeworkDiary" */;
			compatibilityVersion = "Xcode 3.2";
			developmentRegion = English;
			hasScannedForEncodings = 0;
			knownRegions = (
				en,
				Base,
			);
			mainGroup = C78B8A2E1BB56CE900781132;
			productRefGroup = C78B8A381BB56CE900781132 /* Products */;
			projectDirPath = "";
			projectRoot = "";
			targets = (
				C78B8A361BB56CE900781132 /* HomeworkDiary */,
				C78B8A4E1BB56CE900781132 /* HomeworkDiaryTests */,
			);
		};
/* End PBXProject section */

/* Begin PBXResourcesBuildPhase section */
		C78B8A351BB56CE900781132 /* Resources */ = {
			isa = PBXResourcesBuildPhase;
			buildActionMask = 2147483647;
			files = (
				C78B8A451BB56CE900781132 /* Main.storyboard in Resources */,
				C78B8A4A1BB56CE900781132 /* LaunchScreen.xib in Resources */,
				C78B8A471BB56CE900781132 /* Images.xcassets in Resources */,
			);
			runOnlyForDeploymentPostprocessing = 0;
		};
		C78B8A4D1BB56CE900781132 /* Resources */ = {
			isa = PBXResourcesBuildPhase;
			buildActionMask = 2147483647;
			files = (
			);
			runOnlyForDeploymentPostprocessing = 0;
		};
/* End PBXResourcesBuildPhase section */

/* Begin PBXSourcesBuildPhase section */
		C78B8A331BB56CE900781132 /* Sources */ = {
			isa = PBXSourcesBuildPhase;
			buildActionMask = 2147483647;
			files = (
				C78B8A641BB5B03000781132 /* AddViewController.swift in Sources */,
				C78B8A421BB56CE900781132 /* ViewController.swift in Sources */,
				C78B8A621BB5ACD100781132 /* MasterTableViewController.swift in Sources */,
				C78B8A661BB5B30900781132 /* DetailViewController.swift in Sources */,
				C78B8A3D1BB56CE900781132 /* AppDelegate.swift in Sources */,
				C78B8A401BB56CE900781132 /* HomeworkDiary.xcdatamodeld in Sources */,
			);
			runOnlyForDeploymentPostprocessing = 0;
		};
		C78B8A4B1BB56CE900781132 /* Sources */ = {
			isa = PBXSourcesBuildPhase;
			buildActionMask = 2147483647;
			files = (
				C78B8A561BB56CE900781132 /* HomeworkDiaryTests.swift in Sources */,
			);
			runOnlyForDeploymentPostprocessing = 0;
		};
/* End PBXSourcesBuildPhase section */

/* Begin PBXTargetDependency section */
		C78B8A511BB56CE900781132 /* PBXTargetDependency */ = {
			isa = PBXTargetDependency;
			target = C78B8A361BB56CE900781132 /* HomeworkDiary */;
			targetProxy = C78B8A501BB56CE900781132 /* PBXContainerItemProxy */;
		};
/* End PBXTargetDependency section */

/* Begin PBXVariantGroup section */
		C78B8A431BB56CE900781132 /* Main.storyboard */ = {
			isa = PBXVariantGroup;
			children = (
				C78B8A441BB56CE900781132 /* Base */,
			);
			name = Main.storyboard;
			sourceTree = "<group>";
		};
		C78B8A481BB56CE900781132 /* LaunchScreen.xib */ = {
			isa = PBXVariantGroup;
			children = (
				C78B8A491BB56CE900781132 /* Base */,
			);
			name = LaunchScreen.xib;
			sourceTree = "<group>";
		};
/* End PBXVariantGroup section */

/* Begin XCBuildConfiguration section */
		C78B8A571BB56CE900781132 /* Debug */ = {
			isa = XCBuildConfiguration;
			buildSettings = {
				ALWAYS_SEARCH_USER_PATHS = NO;
				CLANG_CXX_LANGUAGE_STANDARD = "gnu++0x";
				CLANG_CXX_LIBRARY = "libc++";
				CLANG_ENABLE_MODULES = YES;
				CLANG_ENABLE_OBJC_ARC = YES;
				CLANG_WARN_BOOL_CONVERSION = YES;
				CLANG_WARN_CONSTANT_CONVERSION = YES;
				CLANG_WARN_DIRECT_OBJC_ISA_USAGE = YES_ERROR;
				CLANG_WARN_EMPTY_BODY = YES;
				CLANG_WARN_ENUM_CONVERSION = YES;
				CLANG_WARN_INT_CONVERSION = YES;
				CLANG_WARN_OBJC_ROOT_CLASS = YES_ERROR;
				CLANG_WARN_UNREACHABLE_CODE = YES;
				CLANG_WARN__DUPLICATE_METHOD_MATCH = YES;
				"CODE_SIGN_IDENTITY[sdk=iphoneos*]" = "iPhone Developer";
				COPY_PHASE_STRIP = NO;
				DEBUG_INFORMATION_FORMAT = "dwarf-with-dsym";
				ENABLE_STRICT_OBJC_MSGSEND = YES;
				GCC_C_LANGUAGE_STANDARD = gnu99;
				GCC_DYNAMIC_NO_PIC = NO;
				GCC_NO_COMMON_BLOCKS = YES;
				GCC_OPTIMIZATION_LEVEL = 0;
				GCC_PREPROCESSOR_DEFINITIONS = (
					"DEBUG=1",
					"$(inherited)",
				);
				GCC_SYMBOLS_PRIVATE_EXTERN = NO;
				GCC_WARN_64_TO_32_BIT_CONVERSION = YES;
				GCC_WARN_ABOUT_RETURN_TYPE = YES_ERROR;
				GCC_WARN_UNDECLARED_SELECTOR = YES;
				GCC_WARN_UNINITIALIZED_AUTOS = YES_AGGRESSIVE;
				GCC_WARN_UNUSED_FUNCTION = YES;
				GCC_WARN_UNUSED_VARIABLE = YES;
				IPHONEOS_DEPLOYMENT_TARGET = 8.4;
				MTL_ENABLE_DEBUG_INFO = YES;
				ONLY_ACTIVE_ARCH = YES;
				SDKROOT = iphoneos;
				SWIFT_OPTIMIZATION_LEVEL = "-Onone";
			};
			name = Debug;
		};
		C78B8A581BB56CE900781132 /* Release */ = {
			isa = XCBuildConfiguration;
			buildSettings = {
				ALWAYS_SEARCH_USER_PATHS = NO;
				CLANG_CXX_LANGUAGE_STANDARD = "gnu++0x";
				CLANG_CXX_LIBRARY = "libc++";
				CLANG_ENABLE_MODULES = YES;
				CLANG_ENABLE_OBJC_ARC = YES;
				CLANG_WARN_BOOL_CONVERSION = YES;
				CLANG_WARN_CONSTANT_CONVERSION = YES;
				CLANG_WARN_DIRECT_OBJC_ISA_USAGE = YES_ERROR;
				CLANG_WARN_EMPTY_BODY = YES;
				CLANG_WARN_ENUM_CONVERSION = YES;
				CLANG_WARN_INT_CONVERSION = YES;
				CLANG_WARN_OBJC_ROOT_CLASS = YES_ERROR;
				CLANG_WARN_UNREACHABLE_CODE = YES;
				CLANG_WARN__DUPLICATE_METHOD_MATCH = YES;
				"CODE_SIGN_IDENTITY[sdk=iphoneos*]" = "iPhone Developer";
				COPY_PHASE_STRIP = NO;
				DEBUG_INFORMATION_FORMAT = "dwarf-with-dsym";
				ENABLE_NS_ASSERTIONS = NO;
				ENABLE_STRICT_OBJC_MSGSEND = YES;
				GCC_C_LANGUAGE_STANDARD = gnu99;
				GCC_NO_COMMON_BLOCKS = YES;
				GCC_WARN_64_TO_32_BIT_CONVERSION = YES;
				GCC_WARN_ABOUT_RETURN_TYPE = YES_ERROR;
				GCC_WARN_UNDECLARED_SELECTOR = YES;
				GCC_WARN_UNINITIALIZED_AUTOS = YES_AGGRESSIVE;
				GCC_WARN_UNUSED_FUNCTION = YES;
				GCC_WARN_UNUSED_VARIABLE = YES;
				IPHONEOS_DEPLOYMENT_TARGET = 8.4;
				MTL_ENABLE_DEBUG_INFO = NO;
				SDKROOT = iphoneos;
				VALIDATE_PRODUCT = YES;
			};
			name = Release;
		};
		C78B8A5A1BB56CE900781132 /* Debug */ = {
			isa = XCBuildConfiguration;
			buildSettings = {
				ASSETCATALOG_COMPILER_APPICON_NAME = AppIcon;
				INFOPLIST_FILE = HomeworkDiary/Info.plist;
				LD_RUNPATH_SEARCH_PATHS = "$(inherited) @executable_path/Frameworks";
				PRODUCT_NAME = "$(TARGET_NAME)";
			};
			name = Debug;
		};
		C78B8A5B1BB56CE900781132 /* Release */ = {
			isa = XCBuildConfiguration;
			buildSettings = {
				ASSETCATALOG_COMPILER_APPICON_NAME = AppIcon;
				INFOPLIST_FILE = HomeworkDiary/Info.plist;
				LD_RUNPATH_SEARCH_PATHS = "$(inherited) @executable_path/Frameworks";
				PRODUCT_NAME = "$(TARGET_NAME)";
			};
			name = Release;
		};
		C78B8A5D1BB56CE900781132 /* Debug */ = {
			isa = XCBuildConfiguration;
			buildSettings = {
				BUNDLE_LOADER = "$(TEST_HOST)";
				FRAMEWORK_SEARCH_PATHS = (
					"$(SDKROOT)/Developer/Library/Frameworks",
					"$(inherited)",
				);
				GCC_PREPROCESSOR_DEFINITIONS = (
					"DEBUG=1",
					"$(inherited)",
				);
				INFOPLIST_FILE = HomeworkDiaryTests/Info.plist;
				LD_RUNPATH_SEARCH_PATHS = "$(inherited) @executable_path/Frameworks @loader_path/Frameworks";
				PRODUCT_NAME = "$(TARGET_NAME)";
				TEST_HOST = "$(BUILT_PRODUCTS_DIR)/HomeworkDiary.app/HomeworkDiary";
			};
			name = Debug;
		};
		C78B8A5E1BB56CE900781132 /* Release */ = {
			isa = XCBuildConfiguration;
			buildSettings = {
				BUNDLE_LOADER = "$(TEST_HOST)";
				FRAMEWORK_SEARCH_PATHS = (
					"$(SDKROOT)/Developer/Library/Frameworks",
					"$(inherited)",
				);
				INFOPLIST_FILE = HomeworkDiaryTests/Info.plist;
				LD_RUNPATH_SEARCH_PATHS = "$(inherited) @executable_path/Frameworks @loader_path/Frameworks";
				PRODUCT_NAME = "$(TARGET_NAME)";
				TEST_HOST = "$(BUILT_PRODUCTS_DIR)/HomeworkDiary.app/HomeworkDiary";
			};
			name = Release;
		};
/* End XCBuildConfiguration section */

/* Begin XCConfigurationList section */
		C78B8A321BB56CE900781132 /* Build configuration list for PBXProject "HomeworkDiary" */ = {
			isa = XCConfigurationList;
			buildConfigurations = (
				C78B8A571BB56CE900781132 /* Debug */,
				C78B8A581BB56CE900781132 /* Release */,
			);
			defaultConfigurationIsVisible = 0;
			defaultConfigurationName = Release;
		};
		C78B8A591BB56CE900781132 /* Build configuration list for PBXNativeTarget "HomeworkDiary" */ = {
			isa = XCConfigurationList;
			buildConfigurations = (
				C78B8A5A1BB56CE900781132 /* Debug */,
				C78B8A5B1BB56CE900781132 /* Release */,
			);
			defaultConfigurationIsVisible = 0;
		};
		C78B8A5C1BB56CE900781132 /* Build configuration list for PBXNativeTarget "HomeworkDiaryTests" */ = {
			isa = XCConfigurationList;
			buildConfigurations = (
				C78B8A5D1BB56CE900781132 /* Debug */,
				C78B8A5E1BB56CE900781132 /* Release */,
			);
			defaultConfigurationIsVisible = 0;
		};
/* End XCConfigurationList section */

/* Begin XCVersionGroup section */
		C78B8A3E1BB56CE900781132 /* HomeworkDiary.xcdatamodeld */ = {
			isa = XCVersionGroup;
			children = (
				C78B8A3F1BB56CE900781132 /* HomeworkDiary.xcdatamodel */,
			);
			currentVersion = C78B8A3F1BB56CE900781132 /* HomeworkDiary.xcdatamodel */;
			path = HomeworkDiary.xcdatamodeld;
			sourceTree = "<group>";
			versionGroupType = wrapper.xcdatamodel;
		};
/* End XCVersionGroup section */
	};
	rootObject = C78B8A2F1BB56CE900781132 /* Project object */;
}
